
Microsoft Visual Studio Solution File, Format Version 12.00
Project("{FAE04EC0-301F-11D3-BF4B-00C04F79EFBC}") = "Kronos", "src\Kronos\Kronos.csproj", "{34898956-B346-4D7A-A079-A36B8DD556C7}"
EndProject
Project("{FAE04EC0-301F-11D3-BF4B-00C04F79EFBC}") = "Kronos.Testing", "src\Kronos.Testing\Kronos.Testing.csproj", "{50FD5313-A63B-4363-A783-6F48FA19D01D}"
EndProject
Project("{2150E333-8FDC-42A3-9474-1A3956D46DE8}") = "Repo", "Repo", "{59D0C9C2-DB59-4839-B9B5-666BDFBF6086}"
	ProjectSection(SolutionItems) = preProject
		License = License
		ReadMe.md = ReadMe.md
		.gitignore = .gitignore
	EndProjectSection
EndProject
Project("{FAE04EC0-301F-11D3-BF4B-00C04F79EFBC}") = "Kronos.Example", "src\Kronos.Example\Kronos.Example.csproj", "{3C922FF7-27AE-42C9-B18D-F454FDA82B82}"
EndProject
Global
	GlobalSection(SolutionConfigurationPlatforms) = preSolution
		Debug|Any CPU = Debug|Any CPU
		Release|Any CPU = Release|Any CPU
	EndGlobalSection
	GlobalSection(ProjectConfigurationPlatforms) = postSolution
		{34898956-B346-4D7A-A079-A36B8DD556C7}.Debug|Any CPU.ActiveCfg = Debug|Any CPU
		{34898956-B346-4D7A-A079-A36B8DD556C7}.Debug|Any CPU.Build.0 = Debug|Any CPU
		{34898956-B346-4D7A-A079-A36B8DD556C7}.Release|Any CPU.ActiveCfg = Release|Any CPU
		{34898956-B346-4D7A-A079-A36B8DD556C7}.Release|Any CPU.Build.0 = Release|Any CPU
		{50FD5313-A63B-4363-A783-6F48FA19D01D}.Debug|Any CPU.ActiveCfg = Debug|Any CPU
		{50FD5313-A63B-4363-A783-6F48FA19D01D}.Debug|Any CPU.Build.0 = Debug|Any CPU
		{50FD5313-A63B-4363-A783-6F48FA19D01D}.Release|Any CPU.ActiveCfg = Release|Any CPU
		{50FD5313-A63B-4363-A783-6F48FA19D01D}.Release|Any CPU.Build.0 = Release|Any CPU
		{3C922FF7-27AE-42C9-B18D-F454FDA82B82}.Debug|Any CPU.ActiveCfg = Debug|Any CPU
		{3C922FF7-27AE-42C9-B18D-F454FDA82B82}.Debug|Any CPU.Build.0 = Debug|Any CPU
		{3C922FF7-27AE-42C9-B18D-F454FDA82B82}.Release|Any CPU.ActiveCfg = Release|Any CPU
		{3C922FF7-27AE-42C9-B18D-F454FDA82B82}.Release|Any CPU.Build.0 = Release|Any CPU
	EndGlobalSection
EndGlobal
